{
  "name": "@nulltype/moddel",
  "version": "1.0.0",
  "lockfileVersion": 3,
  "requires": true,
  "packages": {
    "": {
      "name": "@nulltype/moddel",
      "version": "1.0.0",
      "license": "ISC",
      "dependencies": {
        "@nulltype/object-helper": "^1.0.1"
      }
    },
    "node_modules/@nulltype/object-helper": {
      "version": "1.0.1",
      "resolved": "https://registry.npmjs.org/@nulltype/object-helper/-/object-helper-1.0.1.tgz",
      "integrity": "sha512-SyJm6+lRzx0Ao2KeTEYAJ/owpv1fLUOK5dNCfaPDhqnXp1/1meL7mwfCrnA8XNRI4QdEmbhGktpAoDAEO1RotQ=="
    }
  }
}
